
Microsoft Visual Studio Solution File, Format Version 12.00
# Visual Studio 14
VisualStudioVersion = 14.0.24720.0
MinimumVisualStudioVersion = 10.0.40219.1
Project("{2150E333-8FDC-42A3-9474-1A3956D46DE8}") = "src", "src", "{9DF82622-FD87-4780-9B25-9B5A2DC3D055}"
EndProject
Project("{2150E333-8FDC-42A3-9474-1A3956D46DE8}") = "Solution Items", "Solution Items", "{80BFBC07-609D-4E55-95BB-82C3236789A2}"
	ProjectSection(SolutionItems) = preProject
		global.json = global.json
	EndProjectSection
EndProject
Project("{8BB2217D-0F2D-49D1-97BC-3654ED321F3B}") = "Angular2withMVC6", "src\Angular2withMVC6\Angular2withMVC6.xproj", "{523F82F7-91C0-44C0-B82A-334D6D438672}"
EndProject
Global
	GlobalSection(SolutionConfigurationPlatforms) = preSolution
		Debug|Any CPU = Debug|Any CPU
		Release|Any CPU = Release|Any CPU
	EndGlobalSection
	GlobalSection(ProjectConfigurationPlatforms) = postSolution
		{523F82F7-91C0-44C0-B82A-334D6D438672}.Debug|Any CPU.ActiveCfg = Debug|Any CPU
		{523F82F7-91C0-44C0-B82A-334D6D438672}.Debug|Any CPU.Build.0 = Debug|Any CPU
		{523F82F7-91C0-44C0-B82A-334D6D438672}.Release|Any CPU.ActiveCfg = Release|Any CPU
		{523F82F7-91C0-44C0-B82A-334D6D438672}.Release|Any CPU.Build.0 = Release|Any CPU
	EndGlobalSection
	GlobalSection(SolutionProperties) = preSolution
		HideSolutionNode = FALSE
	EndGlobalSection
	GlobalSection(NestedProjects) = preSolution
		{523F82F7-91C0-44C0-B82A-334D6D438672} = {9DF82622-FD87-4780-9B25-9B5A2DC3D055}
	EndGlobalSection
EndGlobal
